
Microsoft Visual Studio Solution File, Format Version 12.00
# Visual Studio Version 16
VisualStudioVersion = 16.0.31702.278
MinimumVisualStudioVersion = 10.0.40219.1
Project("{FAE04EC0-301F-11D3-BF4B-00C04F79EFBC}") = "ASPDotNetMVCWithJQuery", "ASPDotNetMVCWithJQuery\ASPDotNetMVCWithJQuery.csproj", "{2E8F08AD-BFE3-42DB-BD48-8E3997C926A1}"
EndProject
Global
	GlobalSection(SolutionConfigurationPlatforms) = preSolution
		Debug|Any CPU = Debug|Any CPU
		Release|Any CPU = Release|Any CPU
	EndGlobalSection
	GlobalSection(ProjectConfigurationPlatforms) = postSolution
		{2E8F08AD-BFE3-42DB-BD48-8E3997C926A1}.Debug|Any CPU.ActiveCfg = Debug|Any CPU
		{2E8F08AD-BFE3-42DB-BD48-8E3997C926A1}.Debug|Any CPU.Build.0 = Debug|Any CPU
		{2E8F08AD-BFE3-42DB-BD48-8E3997C926A1}.Release|Any CPU.ActiveCfg = Release|Any CPU
		{2E8F08AD-BFE3-42DB-BD48-8E3997C926A1}.Release|Any CPU.Build.0 = Release|Any CPU
	EndGlobalSection
	GlobalSection(SolutionProperties) = preSolution
		HideSolutionNode = FALSE
	EndGlobalSection
	GlobalSection(ExtensibilityGlobals) = postSolution
		SolutionGuid = {37DEB033-5D77-42EA-90F3-A98D1DCB0F57}
	EndGlobalSection
EndGlobal
